
Microsoft Visual Studio Solution File, Format Version 12.00
# Visual Studio Version 17
VisualStudioVersion = 17.5.33516.290
MinimumVisualStudioVersion = 10.0.40219.1
Project("{FAE04EC0-301F-11D3-BF4B-00C04F79EFBC}") = "PasswordInput.Console", "PasswordInput.Console\PasswordInput.Console.csproj", "{463BB273-8AA8-4A87-84A7-228B5334EB76}"
EndProject
Project("{FAE04EC0-301F-11D3-BF4B-00C04F79EFBC}") = "PasswordInput.Test", "PasswordInput.Test\PasswordInput.Test.csproj", "{B1CAE638-57DC-4521-85BA-33400D9968E5}"
EndProject
Global
	GlobalSection(SolutionConfigurationPlatforms) = preSolution
		Debug|Any CPU = Debug|Any CPU
		Release|Any CPU = Release|Any CPU
	EndGlobalSection
	GlobalSection(ProjectConfigurationPlatforms) = postSolution
		{463BB273-8AA8-4A87-84A7-228B5334EB76}.Debug|Any CPU.ActiveCfg = Debug|Any CPU
		{463BB273-8AA8-4A87-84A7-228B5334EB76}.Debug|Any CPU.Build.0 = Debug|Any CPU
		{463BB273-8AA8-4A87-84A7-228B5334EB76}.Release|Any CPU.ActiveCfg = Release|Any CPU
		{463BB273-8AA8-4A87-84A7-228B5334EB76}.Release|Any CPU.Build.0 = Release|Any CPU
		{B1CAE638-57DC-4521-85BA-33400D9968E5}.Debug|Any CPU.ActiveCfg = Debug|Any CPU
		{B1CAE638-57DC-4521-85BA-33400D9968E5}.Debug|Any CPU.Build.0 = Debug|Any CPU
		{B1CAE638-57DC-4521-85BA-33400D9968E5}.Release|Any CPU.ActiveCfg = Release|Any CPU
		{B1CAE638-57DC-4521-85BA-33400D9968E5}.Release|Any CPU.Build.0 = Release|Any CPU
	EndGlobalSection
	GlobalSection(SolutionProperties) = preSolution
		HideSolutionNode = FALSE
	EndGlobalSection
	GlobalSection(ExtensibilityGlobals) = postSolution
		SolutionGuid = {696ADAFB-8FC2-4687-9932-946A02A0E50B}
	EndGlobalSection
EndGlobal
